
Microsoft Visual Studio Solution File, Format Version 12.00
# Visual Studio Version 17
VisualStudioVersion = 17.3.32901.215
MinimumVisualStudioVersion = 10.0.40219.1
Project("{FAE04EC0-301F-11D3-BF4B-00C04F79EFBC}") = "Homework_41", "Homework_41\Homework_41.csproj", "{22143B22-B86F-4469-8A80-9994016C6860}"
EndProject
Global
	GlobalSection(SolutionConfigurationPlatforms) = preSolution
		Debug|Any CPU = Debug|Any CPU
		Release|Any CPU = Release|Any CPU
	EndGlobalSection
	GlobalSection(ProjectConfigurationPlatforms) = postSolution
		{22143B22-B86F-4469-8A80-9994016C6860}.Debug|Any CPU.ActiveCfg = Debug|Any CPU
		{22143B22-B86F-4469-8A80-9994016C6860}.Debug|Any CPU.Build.0 = Debug|Any CPU
		{22143B22-B86F-4469-8A80-9994016C6860}.Release|Any CPU.ActiveCfg = Release|Any CPU
		{22143B22-B86F-4469-8A80-9994016C6860}.Release|Any CPU.Build.0 = Release|Any CPU
	EndGlobalSection
	GlobalSection(SolutionProperties) = preSolution
		HideSolutionNode = FALSE
	EndGlobalSection
	GlobalSection(ExtensibilityGlobals) = postSolution
		SolutionGuid = {5B5EDB4A-4C92-4DAB-AE31-EFABB53E4803}
	EndGlobalSection
EndGlobal
